// !$*UTF8*$!
{
	archiveVersion = 1;
	classes = {
	};
	objectVersion = 50;
	objects = {

/* Begin PBXBuildFile section */
		87CB4D54213493B800584C57 /* AppDelegate.swift in Sources */ = {isa = PBXBuildFile; fileRef = 87CB4D53213493B800584C57 /* AppDelegate.swift */; };
		87CB4D59213493B800584C57 /* Main.storyboard in Resources */ = {isa = PBXBuildFile; fileRef = 87CB4D57213493B800584C57 /* Main.storyboard */; };
		87CB4D5B213493B900584C57 /* Assets.xcassets in Resources */ = {isa = PBXBuildFile; fileRef = 87CB4D5A213493B900584C57 /* Assets.xcassets */; };
		87CB4D5E213493B900584C57 /* LaunchScreen.storyboard in Resources */ = {isa = PBXBuildFile; fileRef = 87CB4D5C213493B900584C57 /* LaunchScreen.storyboard */; };
		87CB4D662134944300584C57 /* AlarmListTableViewController.swift in Sources */ = {isa = PBXBuildFile; fileRef = 87CB4D652134944300584C57 /* AlarmListTableViewController.swift */; };
		87CB4D682134953300584C57 /* AlarmDetailTableViewController.swift in Sources */ = {isa = PBXBuildFile; fileRef = 87CB4D672134953300584C57 /* AlarmDetailTableViewController.swift */; };
		87CB4D6A2134956600584C57 /* SwitchTableViewCell.swift in Sources */ = {isa = PBXBuildFile; fileRef = 87CB4D692134956600584C57 /* SwitchTableViewCell.swift */; };
		87CB4D6F21349E6E00584C57 /* DateHelper.swift in Sources */ = {isa = PBXBuildFile; fileRef = 87CB4D6E21349E6E00584C57 /* DateHelper.swift */; };
		87CB4D7121349EE500584C57 /* Alarm.swift in Sources */ = {isa = PBXBuildFile; fileRef = 87CB4D7021349EE500584C57 /* Alarm.swift */; };
		87CB4D732134A18A00584C57 /* AlarmController.swift in Sources */ = {isa = PBXBuildFile; fileRef = 87CB4D722134A18A00584C57 /* AlarmController.swift */; };
/* End PBXBuildFile section */

/* Begin PBXFileReference section */
		87CB4D50213493B800584C57 /* Alarm.app */ = {isa = PBXFileReference; explicitFileType = wrapper.application; includeInIndex = 0; path = Alarm.app; sourceTree = BUILT_PRODUCTS_DIR; };
		87CB4D53213493B800584C57 /* AppDelegate.swift */ = {isa = PBXFileReference; lastKnownFileType = sourcecode.swift; path = AppDelegate.swift; sourceTree = "<group>"; };
		87CB4D58213493B800584C57 /* Base */ = {isa = PBXFileReference; lastKnownFileType = file.storyboard; name = Base; path = Base.lproj/Main.storyboard; sourceTree = "<group>"; };
		87CB4D5A213493B900584C57 /* Assets.xcassets */ = {isa = PBXFileReference; lastKnownFileType = folder.assetcatalog; path = Assets.xcassets; sourceTree = "<group>"; };
		87CB4D5D213493B900584C57 /* Base */ = {isa = PBXFileReference; lastKnownFileType = file.storyboard; name = Base; path = Base.lproj/LaunchScreen.storyboard; sourceTree = "<group>"; };
		87CB4D5F213493B900584C57 /* Info.plist */ = {isa = PBXFileReference; lastKnownFileType = text.plist.xml; path = Info.plist; sourceTree = "<group>"; };
		87CB4D652134944300584C57 /* AlarmListTableViewController.swift */ = {isa = PBXFileReference; lastKnownFileType = sourcecode.swift; path = AlarmListTableViewController.swift; sourceTree = "<group>"; };
		87CB4D672134953300584C57 /* AlarmDetailTableViewController.swift */ = {isa = PBXFileReference; lastKnownFileType = sourcecode.swift; path = AlarmDetailTableViewController.swift; sourceTree = "<group>"; };
		87CB4D692134956600584C57 /* SwitchTableViewCell.swift */ = {isa = PBXFileReference; lastKnownFileType = sourcecode.swift; path = SwitchTableViewCell.swift; sourceTree = "<group>"; };
		87CB4D6E21349E6E00584C57 /* DateHelper.swift */ = {isa = PBXFileReference; lastKnownFileType = sourcecode.swift; path = DateHelper.swift; sourceTree = "<group>"; };
		87CB4D7021349EE500584C57 /* Alarm.swift */ = {isa = PBXFileReference; lastKnownFileType = sourcecode.swift; path = Alarm.swift; sourceTree = "<group>"; };
		87CB4D722134A18A00584C57 /* AlarmController.swift */ = {isa = PBXFileReference; lastKnownFileType = sourcecode.swift; path = AlarmController.swift; sourceTree = "<group>"; };
/* End PBXFileReference section */

/* Begin PBXFrameworksBuildPhase section */
		87CB4D4D213493B800584C57 /* Frameworks */ = {
			isa = PBXFrameworksBuildPhase;
			buildActionMask = 2147483647;
			files = (
			);
			runOnlyForDeploymentPostprocessing = 0;
		};
/* End PBXFrameworksBuildPhase section */

/* Begin PBXGroup section */
		87CB4D47213493B800584C57 = {
			isa = PBXGroup;
			children = (
				87CB4D52213493B800584C57 /* Alarm */,
				87CB4D51213493B800584C57 /* Products */,
			);
			sourceTree = "<group>";
		};
		87CB4D51213493B800584C57 /* Products */ = {
			isa = PBXGroup;
			children = (
				87CB4D50213493B800584C57 /* Alarm.app */,
			);
			name = Products;
			sourceTree = "<group>";
		};
		87CB4D52213493B800584C57 /* Alarm */ = {
			isa = PBXGroup;
			children = (
				87CB4D6B2134956A00584C57 /* Model */,
				87CB4D6C2134956F00584C57 /* Controllers */,
				87CB4D6D2134957500584C57 /* Views */,
				87CB4D53213493B800584C57 /* AppDelegate.swift */,
				87CB4D57213493B800584C57 /* Main.storyboard */,
				87CB4D5A213493B900584C57 /* Assets.xcassets */,
				87CB4D5C213493B900584C57 /* LaunchScreen.storyboard */,
				87CB4D5F213493B900584C57 /* Info.plist */,
			);
			path = Alarm;
			sourceTree = "<group>";
		};
		87CB4D6B2134956A00584C57 /* Model */ = {
			isa = PBXGroup;
			children = (
				87CB4D7021349EE500584C57 /* Alarm.swift */,
				87CB4D6E21349E6E00584C57 /* DateHelper.swift */,
			);
			path = Model;
			sourceTree = "<group>";
		};
		87CB4D6C2134956F00584C57 /* Controllers */ = {
			isa = PBXGroup;
			children = (
				87CB4D722134A18A00584C57 /* AlarmController.swift */,
				87CB4D652134944300584C57 /* AlarmListTableViewController.swift */,
				87CB4D672134953300584C57 /* AlarmDetailTableViewController.swift */,
			);
			path = Controllers;
			sourceTree = "<group>";
		};
		87CB4D6D2134957500584C57 /* Views */ = {
			isa = PBXGroup;
			children = (
				87CB4D692134956600584C57 /* SwitchTableViewCell.swift */,
			);
			path = Views;
			sourceTree = "<group>";
		};
/* End PBXGroup section */

/* Begin PBXNativeTarget section */
		87CB4D4F213493B800584C57 /* Alarm */ = {
			isa = PBXNativeTarget;
			buildConfigurationList = 87CB4D62213493B900584C57 /* Build configuration list for PBXNativeTarget "Alarm" */;
			buildPhases = (
				87CB4D4C213493B800584C57 /* Sources */,
				87CB4D4D213493B800584C57 /* Frameworks */,
				87CB4D4E213493B800584C57 /* Resources */,
			);
			buildRules = (
			);
			dependencies = (
			);
			name = Alarm;
			productName = Alarm;
			productReference = 87CB4D50213493B800584C57 /* Alarm.app */;
			productType = "com.apple.product-type.application";
		};
/* End PBXNativeTarget section */

/* Begin PBXProject section */
		87CB4D48213493B800584C57 /* Project object */ = {
			isa = PBXProject;
			attributes = {
				LastSwiftUpdateCheck = 0940;
				LastUpgradeCheck = 0940;
				ORGANIZATIONNAME = "John Tate";
				TargetAttributes = {
					87CB4D4F213493B800584C57 = {
						CreatedOnToolsVersion = 9.4.1;
					};
				};
			};
			buildConfigurationList = 87CB4D4B213493B800584C57 /* Build configuration list for PBXProject "Alarm" */;
			compatibilityVersion = "Xcode 9.3";
			developmentRegion = en;
			hasScannedForEncodings = 0;
			knownRegions = (
				en,
				Base,
			);
			mainGroup = 87CB4D47213493B800584C57;
			productRefGroup = 87CB4D51213493B800584C57 /* Products */;
			projectDirPath = "";
			projectRoot = "";
			targets = (
				87CB4D4F213493B800584C57 /* Alarm */,
			);
		};
/* End PBXProject section */

/* Begin PBXResourcesBuildPhase section */
		87CB4D4E213493B800584C57 /* Resources */ = {
			isa = PBXResourcesBuildPhase;
			buildActionMask = 2147483647;
			files = (
				87CB4D5E213493B900584C57 /* LaunchScreen.storyboard in Resources */,
				87CB4D5B213493B900584C57 /* Assets.xcassets in Resources */,
				87CB4D59213493B800584C57 /* Main.storyboard in Resources */,
			);
			runOnlyForDeploymentPostprocessing = 0;
		};
/* End PBXResourcesBuildPhase section */

/* Begin PBXSourcesBuildPhase section */
		87CB4D4C213493B800584C57 /* Sources */ = {
			isa = PBXSourcesBuildPhase;
			buildActionMask = 2147483647;
			files = (
				87CB4D6F21349E6E00584C57 /* DateHelper.swift in Sources */,
				87CB4D682134953300584C57 /* AlarmDetailTableViewController.swift in Sources */,
				87CB4D6A2134956600584C57 /* SwitchTableViewCell.swift in Sources */,
				87CB4D54213493B800584C57 /* AppDelegate.swift in Sources */,
				87CB4D662134944300584C57 /* AlarmListTableViewController.swift in Sources */,
				87CB4D7121349EE500584C57 /* Alarm.swift in Sources */,
				87CB4D732134A18A00584C57 /* AlarmController.swift in Sources */,
			);
			runOnlyForDeploymentPostprocessing = 0;
		};
/* End PBXSourcesBuildPhase section */

/* Begin PBXVariantGroup section */
		87CB4D57213493B800584C57 /* Main.storyboard */ = {
			isa = PBXVariantGroup;
			children = (
				87CB4D58213493B800584C57 /* Base */,
			);
			name = Main.storyboard;
			sourceTree = "<group>";
		};
		87CB4D5C213493B900584C57 /* LaunchScreen.storyboard */ = {
			isa = PBXVariantGroup;
			children = (
				87CB4D5D213493B900584C57 /* Base */,
			);
			name = LaunchScreen.storyboard;
			sourceTree = "<group>";
		};
/* End PBXVariantGroup section */

/* Begin XCBuildConfiguration section */
		87CB4D60213493B900584C57 /* Debug */ = {
			isa = XCBuildConfiguration;
			buildSettings = {
				ALWAYS_SEARCH_USER_PATHS = NO;
				CLANG_ANALYZER_NONNULL = YES;
				CLANG_ANALYZER_NUMBER_OBJECT_CONVERSION = YES_AGGRESSIVE;
				CLANG_CXX_LANGUAGE_STANDARD = "gnu++14";
				CLANG_CXX_LIBRARY = "libc++";
				CLANG_ENABLE_MODULES = YES;
				CLANG_ENABLE_OBJC_ARC = YES;
				CLANG_ENABLE_OBJC_WEAK = YES;
				CLANG_WARN_BLOCK_CAPTURE_AUTORELEASING = YES;
				CLANG_WARN_BOOL_CONVERSION = YES;
				CLANG_WARN_COMMA = YES;
				CLANG_WARN_CONSTANT_CONVERSION = YES;
				CLANG_WARN_DEPRECATED_OBJC_IMPLEMENTATIONS = YES;
				CLANG_WARN_DIRECT_OBJC_ISA_USAGE = YES_ERROR;
				CLANG_WARN_DOCUMENTATION_COMMENTS = YES;
				CLANG_WARN_EMPTY_BODY = YES;
				CLANG_WARN_ENUM_CONVERSION = YES;
				CLANG_WARN_INFINITE_RECURSION = YES;
				CLANG_WARN_INT_CONVERSION = YES;
				CLANG_WARN_NON_LITERAL_NULL_CONVERSION = YES;
				CLANG_WARN_OBJC_IMPLICIT_RETAIN_SELF = YES;
				CLANG_WARN_OBJC_LITERAL_CONVERSION = YES;
				CLANG_WARN_OBJC_ROOT_CLASS = YES_ERROR;
				CLANG_WARN_RANGE_LOOP_ANALYSIS = YES;
				CLANG_WARN_STRICT_PROTOTYPES = YES;
				CLANG_WARN_SUSPICIOUS_MOVE = YES;
				CLANG_WARN_UNGUARDED_AVAILABILITY = YES_AGGRESSIVE;
				CLANG_WARN_UNREACHABLE_CODE = YES;
				CLANG_WARN__DUPLICATE_METHOD_MATCH = YES;
				CODE_SIGN_IDENTITY = "iPhone Developer";
				COPY_PHASE_STRIP = NO;
				DEBUG_INFORMATION_FORMAT = dwarf;
				ENABLE_STRICT_OBJC_MSGSEND = YES;
				ENABLE_TESTABILITY = YES;
				GCC_C_LANGUAGE_STANDARD = gnu11;
				GCC_DYNAMIC_NO_PIC = NO;
				GCC_NO_COMMON_BLOCKS = YES;
				GCC_OPTIMIZATION_LEVEL = 0;
				GCC_PREPROCESSOR_DEFINITIONS = (
					"DEBUG=1",
					"$(inherited)",
				);
				GCC_WARN_64_TO_32_BIT_CONVERSION = YES;
				GCC_WARN_ABOUT_RETURN_TYPE = YES_ERROR;
				GCC_WARN_UNDECLARED_SELECTOR = YES;
				GCC_WARN_UNINITIALIZED_AUTOS = YES_AGGRESSIVE;
				GCC_WARN_UNUSED_FUNCTION = YES;
				GCC_WARN_UNUSED_VARIABLE = YES;
				IPHONEOS_DEPLOYMENT_TARGET = 11.4;
				MTL_ENABLE_DEBUG_INFO = YES;
				ONLY_ACTIVE_ARCH = YES;
				SDKROOT = iphoneos;
				SWIFT_ACTIVE_COMPILATION_CONDITIONS = DEBUG;
				SWIFT_OPTIMIZATION_LEVEL = "-Onone";
			};
			name = Debug;
		};
		87CB4D61213493B900584C57 /* Release */ = {
			isa = XCBuildConfiguration;
			buildSettings = {
				ALWAYS_SEARCH_USER_PATHS = NO;
				CLANG_ANALYZER_NONNULL = YES;
				CLANG_ANALYZER_NUMBER_OBJECT_CONVERSION = YES_AGGRESSIVE;
				CLANG_CXX_LANGUAGE_STANDARD = "gnu++14";
				CLANG_CXX_LIBRARY = "libc++";
				CLANG_ENABLE_MODULES = YES;
				CLANG_ENABLE_OBJC_ARC = YES;
				CLANG_ENABLE_OBJC_WEAK = YES;
				CLANG_WARN_BLOCK_CAPTURE_AUTORELEASING = YES;
				CLANG_WARN_BOOL_CONVERSION = YES;
				CLANG_WARN_COMMA = YES;
				CLANG_WARN_CONSTANT_CONVERSION = YES;
				CLANG_WARN_DEPRECATED_OBJC_IMPLEMENTATIONS = YES;
				CLANG_WARN_DIRECT_OBJC_ISA_USAGE = YES_ERROR;
				CLANG_WARN_DOCUMENTATION_COMMENTS = YES;
				CLANG_WARN_EMPTY_BODY = YES;
				CLANG_WARN_ENUM_CONVERSION = YES;
				CLANG_WARN_INFINITE_RECURSION = YES;
				CLANG_WARN_INT_CONVERSION = YES;
				CLANG_WARN_NON_LITERAL_NULL_CONVERSION = YES;
				CLANG_WARN_OBJC_IMPLICIT_RETAIN_SELF = YES;
				CLANG_WARN_OBJC_LITERAL_CONVERSION = YES;
				CLANG_WARN_OBJC_ROOT_CLASS = YES_ERROR;
				CLANG_WARN_RANGE_LOOP_ANALYSIS = YES;
				CLANG_WARN_STRICT_PROTOTYPES = YES;
				CLANG_WARN_SUSPICIOUS_MOVE = YES;
				CLANG_WARN_UNGUARDED_AVAILABILITY = YES_AGGRESSIVE;
				CLANG_WARN_UNREACHABLE_CODE = YES;
				CLANG_WARN__DUPLICATE_METHOD_MATCH = YES;
				CODE_SIGN_IDENTITY = "iPhone Developer";
				COPY_PHASE_STRIP = NO;
				DEBUG_INFORMATION_FORMAT = "dwarf-with-dsym";
				ENABLE_NS_ASSERTIONS = NO;
				ENABLE_STRICT_OBJC_MSGSEND = YES;
				GCC_C_LANGUAGE_STANDARD = gnu11;
				GCC_NO_COMMON_BLOCKS = YES;
				GCC_WARN_64_TO_32_BIT_CONVERSION = YES;
				GCC_WARN_ABOUT_RETURN_TYPE = YES_ERROR;
				GCC_WARN_UNDECLARED_SELECTOR = YES;
				GCC_WARN_UNINITIALIZED_AUTOS = YES_AGGRESSIVE;
				GCC_WARN_UNUSED_FUNCTION = YES;
				GCC_WARN_UNUSED_VARIABLE = YES;
				IPHONEOS_DEPLOYMENT_TARGET = 11.4;
				MTL_ENABLE_DEBUG_INFO = NO;
				SDKROOT = iphoneos;
				SWIFT_COMPILATION_MODE = wholemodule;
				SWIFT_OPTIMIZATION_LEVEL = "-O";
				VALIDATE_PRODUCT = YES;
			};
			name = Release;
		};
		87CB4D63213493B900584C57 /* Debug */ = {
			isa = XCBuildConfiguration;
			buildSettings = {
				ASSETCATALOG_COMPILER_APPICON_NAME = AppIcon;
				CODE_SIGN_STYLE = Automatic;
				DEVELOPMENT_TEAM = 74SYWHWN72;
				INFOPLIST_FILE = Alarm/Info.plist;
				LD_RUNPATH_SEARCH_PATHS = (
					"$(inherited)",
					"@executable_path/Frameworks",
				);
				PRODUCT_BUNDLE_IDENTIFIER = com.example.Alarm;
				PRODUCT_NAME = "$(TARGET_NAME)";
				SWIFT_VERSION = 4.0;
				TARGETED_DEVICE_FAMILY = "1,2";
			};
			name = Debug;
		};
		87CB4D64213493B900584C57 /* Release */ = {
			isa = XCBuildConfiguration;
			buildSettings = {
				ASSETCATALOG_COMPILER_APPICON_NAME = AppIcon;
				CODE_SIGN_STYLE = Automatic;
				DEVELOPMENT_TEAM = 74SYWHWN72;
				INFOPLIST_FILE = Alarm/Info.plist;
				LD_RUNPATH_SEARCH_PATHS = (
					"$(inherited)",
					"@executable_path/Frameworks",
				);
				PRODUCT_BUNDLE_IDENTIFIER = com.example.Alarm;
				PRODUCT_NAME = "$(TARGET_NAME)";
				SWIFT_VERSION = 4.0;
				TARGETED_DEVICE_FAMILY = "1,2";
			};
			name = Release;
		};
/* End XCBuildConfiguration section */

/* Begin XCConfigurationList section */
		87CB4D4B213493B800584C57 /* Build configuration list for PBXProject "Alarm" */ = {
			isa = XCConfigurationList;
			buildConfigurations = (
				87CB4D60213493B900584C57 /* Debug */,
				87CB4D61213493B900584C57 /* Release */,
			);
			defaultConfigurationIsVisible = 0;
			defaultConfigurationName = Release;
		};
		87CB4D62213493B900584C57 /* Build configuration list for PBXNativeTarget "Alarm" */ = {
			isa = XCConfigurationList;
			buildConfigurations = (
				87CB4D63213493B900584C57 /* Debug */,
				87CB4D64213493B900584C57 /* Release */,
			);
			defaultConfigurationIsVisible = 0;
			defaultConfigurationName = Release;
		};
/* End XCConfigurationList section */
	};
	rootObject = 87CB4D48213493B800584C57 /* Project object */;
}
